
Microsoft Visual Studio Solution File, Format Version 12.00
# Visual Studio 15
VisualStudioVersion = 15.0.27703.2042
MinimumVisualStudioVersion = 10.0.40219.1
Project("{FAE04EC0-301F-11D3-BF4B-00C04F79EFBC}") = "BuffSystem", "BuffSystem\BuffSystem.csproj", "{63E215FF-B24B-413E-A742-460D4DE906EA}"
EndProject
Project("{FAE04EC0-301F-11D3-BF4B-00C04F79EFBC}") = "HeavyItems", "HeavyItems\HeavyItems.csproj", "{572EBB6A-4031-410D-9F3E-3B15F18F8C47}"
EndProject
Project("{FAE04EC0-301F-11D3-BF4B-00C04F79EFBC}") = "AutoDoor", "AutoDoor\AutoDoor.csproj", "{758748F9-EF1F-4CA1-8A1B-EA4D6AC72E05}"
EndProject
Project("{FAE04EC0-301F-11D3-BF4B-00C04F79EFBC}") = "HealingStaff", "HealingStaff\HealingStaff.csproj", "{CF3CEB23-1992-4FF0-A0CA-CA7CA2C79E87}"
EndProject
Project("{FAE04EC0-301F-11D3-BF4B-00C04F79EFBC}") = "InfectedArrow", "InfectedArrow\InfectedArrow.csproj", "{FC3DA52E-D794-4076-A81E-970AC8667DDA}"
EndProject
Global
	GlobalSection(SolutionConfigurationPlatforms) = preSolution
		Debug|Any CPU = Debug|Any CPU
		Release|Any CPU = Release|Any CPU
	EndGlobalSection
	GlobalSection(ProjectConfigurationPlatforms) = postSolution
		{63E215FF-B24B-413E-A742-460D4DE906EA}.Debug|Any CPU.ActiveCfg = Debug|Any CPU
		{63E215FF-B24B-413E-A742-460D4DE906EA}.Debug|Any CPU.Build.0 = Debug|Any CPU
		{63E215FF-B24B-413E-A742-460D4DE906EA}.Release|Any CPU.ActiveCfg = Release|Any CPU
		{63E215FF-B24B-413E-A742-460D4DE906EA}.Release|Any CPU.Build.0 = Release|Any CPU
		{572EBB6A-4031-410D-9F3E-3B15F18F8C47}.Debug|Any CPU.ActiveCfg = Debug|Any CPU
		{572EBB6A-4031-410D-9F3E-3B15F18F8C47}.Debug|Any CPU.Build.0 = Debug|Any CPU
		{572EBB6A-4031-410D-9F3E-3B15F18F8C47}.Release|Any CPU.ActiveCfg = Release|Any CPU
		{572EBB6A-4031-410D-9F3E-3B15F18F8C47}.Release|Any CPU.Build.0 = Release|Any CPU
		{758748F9-EF1F-4CA1-8A1B-EA4D6AC72E05}.Debug|Any CPU.ActiveCfg = Debug|Any CPU
		{758748F9-EF1F-4CA1-8A1B-EA4D6AC72E05}.Debug|Any CPU.Build.0 = Debug|Any CPU
		{758748F9-EF1F-4CA1-8A1B-EA4D6AC72E05}.Release|Any CPU.ActiveCfg = Release|Any CPU
		{758748F9-EF1F-4CA1-8A1B-EA4D6AC72E05}.Release|Any CPU.Build.0 = Release|Any CPU
		{CF3CEB23-1992-4FF0-A0CA-CA7CA2C79E87}.Debug|Any CPU.ActiveCfg = Debug|Any CPU
		{CF3CEB23-1992-4FF0-A0CA-CA7CA2C79E87}.Debug|Any CPU.Build.0 = Debug|Any CPU
		{CF3CEB23-1992-4FF0-A0CA-CA7CA2C79E87}.Release|Any CPU.ActiveCfg = Release|Any CPU
		{CF3CEB23-1992-4FF0-A0CA-CA7CA2C79E87}.Release|Any CPU.Build.0 = Release|Any CPU
		{FC3DA52E-D794-4076-A81E-970AC8667DDA}.Debug|Any CPU.ActiveCfg = Debug|Any CPU
		{FC3DA52E-D794-4076-A81E-970AC8667DDA}.Debug|Any CPU.Build.0 = Debug|Any CPU
		{FC3DA52E-D794-4076-A81E-970AC8667DDA}.Release|Any CPU.ActiveCfg = Release|Any CPU
		{FC3DA52E-D794-4076-A81E-970AC8667DDA}.Release|Any CPU.Build.0 = Release|Any CPU
	EndGlobalSection
	GlobalSection(SolutionProperties) = preSolution
		HideSolutionNode = FALSE
	EndGlobalSection
	GlobalSection(ExtensibilityGlobals) = postSolution
		SolutionGuid = {E2AD1D41-7CC2-4188-8315-7A251E3E0C92}
	EndGlobalSection
EndGlobal
